
Microsoft Visual Studio Solution File, Format Version 12.00
# Visual Studio 14
VisualStudioVersion = 14.0.25420.1
MinimumVisualStudioVersion = 10.0.40219.1
Project("{FAE04EC0-301F-11D3-BF4B-00C04F79EFBC}") = "SunfrogShirts", "SunfrogShirts\SunfrogShirts.csproj", "{1BE7DA0B-E345-4B81-9930-8D858A942FC7}"
EndProject
Project("{FAE04EC0-301F-11D3-BF4B-00C04F79EFBC}") = "SpreadShirts", "SpreadShirts\SpreadShirts.csproj", "{CDD39F86-01FA-431A-9EE1-A22D633F5A56}"
EndProject
Project("{FAE04EC0-301F-11D3-BF4B-00C04F79EFBC}") = "TCProShirts", "TCProShirts\TCProShirts.csproj", "{9B164F4A-3BB5-40D0-AEB8-13F8BADB873E}"
EndProject
Global
	GlobalSection(SolutionConfigurationPlatforms) = preSolution
		Debug|Any CPU = Debug|Any CPU
		Release|Any CPU = Release|Any CPU
	EndGlobalSection
	GlobalSection(ProjectConfigurationPlatforms) = postSolution
		{1BE7DA0B-E345-4B81-9930-8D858A942FC7}.Debug|Any CPU.ActiveCfg = Debug|Any CPU
		{1BE7DA0B-E345-4B81-9930-8D858A942FC7}.Debug|Any CPU.Build.0 = Debug|Any CPU
		{1BE7DA0B-E345-4B81-9930-8D858A942FC7}.Release|Any CPU.ActiveCfg = Release|Any CPU
		{1BE7DA0B-E345-4B81-9930-8D858A942FC7}.Release|Any CPU.Build.0 = Release|Any CPU
		{CDD39F86-01FA-431A-9EE1-A22D633F5A56}.Debug|Any CPU.ActiveCfg = Debug|Any CPU
		{CDD39F86-01FA-431A-9EE1-A22D633F5A56}.Debug|Any CPU.Build.0 = Debug|Any CPU
		{CDD39F86-01FA-431A-9EE1-A22D633F5A56}.Release|Any CPU.ActiveCfg = Release|Any CPU
		{CDD39F86-01FA-431A-9EE1-A22D633F5A56}.Release|Any CPU.Build.0 = Release|Any CPU
		{9B164F4A-3BB5-40D0-AEB8-13F8BADB873E}.Debug|Any CPU.ActiveCfg = Debug|Any CPU
		{9B164F4A-3BB5-40D0-AEB8-13F8BADB873E}.Debug|Any CPU.Build.0 = Debug|Any CPU
		{9B164F4A-3BB5-40D0-AEB8-13F8BADB873E}.Release|Any CPU.ActiveCfg = Release|Any CPU
		{9B164F4A-3BB5-40D0-AEB8-13F8BADB873E}.Release|Any CPU.Build.0 = Release|Any CPU
	EndGlobalSection
	GlobalSection(SolutionProperties) = preSolution
		HideSolutionNode = FALSE
	EndGlobalSection
EndGlobal
